
Microsoft Visual Studio Solution File, Format Version 12.00
# Visual Studio 15
VisualStudioVersion = 15.0.28010.2048
MinimumVisualStudioVersion = 10.0.40219.1
Project("{FAE04EC0-301F-11D3-BF4B-00C04F79EFBC}") = "ASPNet1", "ASPNet1\ASPNet1.csproj", "{20AB0276-FF63-4430-B09B-FB3C28013124}"
EndProject
Global
	GlobalSection(SolutionConfigurationPlatforms) = preSolution
		Debug|Any CPU = Debug|Any CPU
		Release|Any CPU = Release|Any CPU
	EndGlobalSection
	GlobalSection(ProjectConfigurationPlatforms) = postSolution
		{20AB0276-FF63-4430-B09B-FB3C28013124}.Debug|Any CPU.ActiveCfg = Debug|Any CPU
		{20AB0276-FF63-4430-B09B-FB3C28013124}.Debug|Any CPU.Build.0 = Debug|Any CPU
		{20AB0276-FF63-4430-B09B-FB3C28013124}.Release|Any CPU.ActiveCfg = Release|Any CPU
		{20AB0276-FF63-4430-B09B-FB3C28013124}.Release|Any CPU.Build.0 = Release|Any CPU
	EndGlobalSection
	GlobalSection(SolutionProperties) = preSolution
		HideSolutionNode = FALSE
	EndGlobalSection
	GlobalSection(ExtensibilityGlobals) = postSolution
		SolutionGuid = {D299706B-A2F1-4FA7-85D8-021D56C4E3AD}
	EndGlobalSection
EndGlobal
